
Microsoft Visual Studio Solution File, Format Version 12.00
# Visual Studio 15
Project("{FAE04EC0-301F-11D3-BF4B-00C04F79EFBC}") = "LeanTouch", "LeanTouch.csproj", "{FA392BFC-CF47-1112-CB78-CBEA861B35A9}"
EndProject
Project("{FAE04EC0-301F-11D3-BF4B-00C04F79EFBC}") = "Assembly-CSharp", "Assembly-CSharp.csproj", "{FDA9AF19-A1A5-46D8-2309-EC74ACFEB285}"
EndProject
Project("{FAE04EC0-301F-11D3-BF4B-00C04F79EFBC}") = "LeanCommon", "LeanCommon.csproj", "{43085F1A-86F4-4E04-AFA9-6EE8EC787948}"
EndProject
Global
	GlobalSection(SolutionConfigurationPlatforms) = preSolution
		Debug|Any CPU = Debug|Any CPU
		Release|Any CPU = Release|Any CPU
	EndGlobalSection
	GlobalSection(ProjectConfigurationPlatforms) = postSolution
		{FA392BFC-CF47-1112-CB78-CBEA861B35A9}.Debug|Any CPU.ActiveCfg = Debug|Any CPU
		{FA392BFC-CF47-1112-CB78-CBEA861B35A9}.Debug|Any CPU.Build.0 = Debug|Any CPU
		{FA392BFC-CF47-1112-CB78-CBEA861B35A9}.Release|Any CPU.ActiveCfg = Release|Any CPU
		{FA392BFC-CF47-1112-CB78-CBEA861B35A9}.Release|Any CPU.Build.0 = Release|Any CPU
		{FDA9AF19-A1A5-46D8-2309-EC74ACFEB285}.Debug|Any CPU.ActiveCfg = Debug|Any CPU
		{FDA9AF19-A1A5-46D8-2309-EC74ACFEB285}.Debug|Any CPU.Build.0 = Debug|Any CPU
		{FDA9AF19-A1A5-46D8-2309-EC74ACFEB285}.Release|Any CPU.ActiveCfg = Release|Any CPU
		{FDA9AF19-A1A5-46D8-2309-EC74ACFEB285}.Release|Any CPU.Build.0 = Release|Any CPU
		{43085F1A-86F4-4E04-AFA9-6EE8EC787948}.Debug|Any CPU.ActiveCfg = Debug|Any CPU
		{43085F1A-86F4-4E04-AFA9-6EE8EC787948}.Debug|Any CPU.Build.0 = Debug|Any CPU
		{43085F1A-86F4-4E04-AFA9-6EE8EC787948}.Release|Any CPU.ActiveCfg = Release|Any CPU
		{43085F1A-86F4-4E04-AFA9-6EE8EC787948}.Release|Any CPU.Build.0 = Release|Any CPU
	EndGlobalSection
	GlobalSection(SolutionProperties) = preSolution
		HideSolutionNode = FALSE
	EndGlobalSection
EndGlobal
