
Microsoft Visual Studio Solution File, Format Version 12.00
# Visual Studio 15
Project("{FAE04EC0-301F-11D3-BF4B-00C04F79EFBC}") = "LeanTouch", "LeanTouch.csproj", "{0C38683B-FD7D-AE25-1737-F6CE0B2BC34F}"
EndProject
Project("{FAE04EC0-301F-11D3-BF4B-00C04F79EFBC}") = "LeanCommon", "LeanCommon.csproj", "{E164801B-C675-ADD8-0745-1147109B26AC}"
EndProject
Project("{FAE04EC0-301F-11D3-BF4B-00C04F79EFBC}") = "Assembly-CSharp", "Assembly-CSharp.csproj", "{1419B0B0-E542-58CC-B298-505CA528C370}"
EndProject
Global
	GlobalSection(SolutionConfigurationPlatforms) = preSolution
		Debug|Any CPU = Debug|Any CPU
		Release|Any CPU = Release|Any CPU
	EndGlobalSection
	GlobalSection(ProjectConfigurationPlatforms) = postSolution
		{0C38683B-FD7D-AE25-1737-F6CE0B2BC34F}.Debug|Any CPU.ActiveCfg = Debug|Any CPU
		{0C38683B-FD7D-AE25-1737-F6CE0B2BC34F}.Debug|Any CPU.Build.0 = Debug|Any CPU
		{0C38683B-FD7D-AE25-1737-F6CE0B2BC34F}.Release|Any CPU.ActiveCfg = Release|Any CPU
		{0C38683B-FD7D-AE25-1737-F6CE0B2BC34F}.Release|Any CPU.Build.0 = Release|Any CPU
		{E164801B-C675-ADD8-0745-1147109B26AC}.Debug|Any CPU.ActiveCfg = Debug|Any CPU
		{E164801B-C675-ADD8-0745-1147109B26AC}.Debug|Any CPU.Build.0 = Debug|Any CPU
		{E164801B-C675-ADD8-0745-1147109B26AC}.Release|Any CPU.ActiveCfg = Release|Any CPU
		{E164801B-C675-ADD8-0745-1147109B26AC}.Release|Any CPU.Build.0 = Release|Any CPU
		{1419B0B0-E542-58CC-B298-505CA528C370}.Debug|Any CPU.ActiveCfg = Debug|Any CPU
		{1419B0B0-E542-58CC-B298-505CA528C370}.Debug|Any CPU.Build.0 = Debug|Any CPU
		{1419B0B0-E542-58CC-B298-505CA528C370}.Release|Any CPU.ActiveCfg = Release|Any CPU
		{1419B0B0-E542-58CC-B298-505CA528C370}.Release|Any CPU.Build.0 = Release|Any CPU
	EndGlobalSection
	GlobalSection(SolutionProperties) = preSolution
		HideSolutionNode = FALSE
	EndGlobalSection
EndGlobal
